// !$*UTF8*$!
{
	archiveVersion = 1;
	classes = {
	};
	objectVersion = 55;
	objects = {

/* Begin PBXBuildFile section */
		284AACF127746A450062F283 /* ProfileView.swift in Sources */ = {isa = PBXBuildFile; fileRef = 284AACF027746A450062F283 /* ProfileView.swift */; };
		284AACF327746C380062F283 /* FeaturesStack.swift in Sources */ = {isa = PBXBuildFile; fileRef = 284AACF227746C380062F283 /* FeaturesStack.swift */; };
		284AACF527746F990062F283 /* Features.swift in Sources */ = {isa = PBXBuildFile; fileRef = 284AACF427746F990062F283 /* Features.swift */; };
		284AACF9277472CF0062F283 /* HomeViewModel.swift in Sources */ = {isa = PBXBuildFile; fileRef = 284AACF8277472CF0062F283 /* HomeViewModel.swift */; };
		284AACFB2774730B0062F283 /* MostPopularView.swift in Sources */ = {isa = PBXBuildFile; fileRef = 284AACFA2774730B0062F283 /* MostPopularView.swift */; };
		284AACFD2774739A0062F283 /* MostPopularViewController.swift in Sources */ = {isa = PBXBuildFile; fileRef = 284AACFC2774739A0062F283 /* MostPopularViewController.swift */; };
		285837EE277917CA004074AC /* DataBase.xcdatamodeld in Sources */ = {isa = PBXBuildFile; fileRef = 285837EC277917CA004074AC /* DataBase.xcdatamodeld */; };
		2858383727793814004074AC /* FavoritesView.swift in Sources */ = {isa = PBXBuildFile; fileRef = 2858383627793814004074AC /* FavoritesView.swift */; };
		2858383927793838004074AC /* FavoritesViewController.swift in Sources */ = {isa = PBXBuildFile; fileRef = 2858383827793838004074AC /* FavoritesViewController.swift */; };
		2858383B2779384C004074AC /* FavoritesViewModel.swift in Sources */ = {isa = PBXBuildFile; fileRef = 2858383A2779384C004074AC /* FavoritesViewModel.swift */; };
		2858383F27793EBF004074AC /* MovieRequest.swift in Sources */ = {isa = PBXBuildFile; fileRef = 2858383E27793EBF004074AC /* MovieRequest.swift */; };
		2858384127795DA5004074AC /* FavoriteResult.swift in Sources */ = {isa = PBXBuildFile; fileRef = 2858384027795DA5004074AC /* FavoriteResult.swift */; };
		2858384327795DE7004074AC /* MovieDataModel.swift in Sources */ = {isa = PBXBuildFile; fileRef = 2858384227795DE7004074AC /* MovieDataModel.swift */; };
		2858384527795E60004074AC /* FavoriteProtocol.swift in Sources */ = {isa = PBXBuildFile; fileRef = 2858384427795E60004074AC /* FavoriteProtocol.swift */; };
		2858384A27799602004074AC /* FilterViewController.swift in Sources */ = {isa = PBXBuildFile; fileRef = 2858384927799602004074AC /* FilterViewController.swift */; };
		286FB7ED2776DCD800B15389 /* MostPopularViewModel.swift in Sources */ = {isa = PBXBuildFile; fileRef = 286FB7EC2776DCD800B15389 /* MostPopularViewModel.swift */; };
		286FB7EF2777A2D600B15389 /* MostPopularCustomCell.swift in Sources */ = {isa = PBXBuildFile; fileRef = 286FB7EE2777A2D600B15389 /* MostPopularCustomCell.swift */; };
		286FB7F22777C72E00B15389 /* MostPopularRequest.swift in Sources */ = {isa = PBXBuildFile; fileRef = 286FB7F12777C72E00B15389 /* MostPopularRequest.swift */; };
		286FB7F52777E72800B15389 /* MostPopularResponseModel.swift in Sources */ = {isa = PBXBuildFile; fileRef = 286FB7F42777E72800B15389 /* MostPopularResponseModel.swift */; };
		286FB7FA277832C400B15389 /* MovieDetailView.swift in Sources */ = {isa = PBXBuildFile; fileRef = 286FB7F9277832C400B15389 /* MovieDetailView.swift */; };
		286FB7FC277832DC00B15389 /* MovieDetailViewController.swift in Sources */ = {isa = PBXBuildFile; fileRef = 286FB7FB277832DC00B15389 /* MovieDetailViewController.swift */; };
		286FB7FE27783CC900B15389 /* MovieDetailViewModel.swift in Sources */ = {isa = PBXBuildFile; fileRef = 286FB7FD27783CC900B15389 /* MovieDetailViewModel.swift */; };
		286FB80027783F9200B15389 /* GenreRequest.swift in Sources */ = {isa = PBXBuildFile; fileRef = 286FB7FF27783F9200B15389 /* GenreRequest.swift */; };
		286FB8022778450A00B15389 /* MostPopularViewModelProtocol.swift in Sources */ = {isa = PBXBuildFile; fileRef = 286FB8012778450A00B15389 /* MostPopularViewModelProtocol.swift */; };
		286FB8042778453600B15389 /* MovieDetailViewModelProtocol.swift in Sources */ = {isa = PBXBuildFile; fileRef = 286FB8032778453600B15389 /* MovieDetailViewModelProtocol.swift */; };
		286FB80627784C4C00B15389 /* GenreResponseModel.swift in Sources */ = {isa = PBXBuildFile; fileRef = 286FB80527784C4C00B15389 /* GenreResponseModel.swift */; };
		286FB80827784C9700B15389 /* VideosResponseModel.swift in Sources */ = {isa = PBXBuildFile; fileRef = 286FB80727784C9700B15389 /* VideosResponseModel.swift */; };
		286FB80A27784CD000B15389 /* VideosRequest.swift in Sources */ = {isa = PBXBuildFile; fileRef = 286FB80927784CD000B15389 /* VideosRequest.swift */; };
		2898C51C2774088C00104A4C /* AppDelegate.swift in Sources */ = {isa = PBXBuildFile; fileRef = 2898C51B2774088C00104A4C /* AppDelegate.swift */; };
		2898C51E2774088C00104A4C /* SceneDelegate.swift in Sources */ = {isa = PBXBuildFile; fileRef = 2898C51D2774088C00104A4C /* SceneDelegate.swift */; };
		2898C5202774088C00104A4C /* HomeViewController.swift in Sources */ = {isa = PBXBuildFile; fileRef = 2898C51F2774088C00104A4C /* HomeViewController.swift */; };
		2898C5232774088C00104A4C /* Main.storyboard in Resources */ = {isa = PBXBuildFile; fileRef = 2898C5212774088C00104A4C /* Main.storyboard */; };
		2898C5252774088E00104A4C /* Assets.xcassets in Resources */ = {isa = PBXBuildFile; fileRef = 2898C5242774088E00104A4C /* Assets.xcassets */; };
		2898C5282774088E00104A4C /* LaunchScreen.storyboard in Resources */ = {isa = PBXBuildFile; fileRef = 2898C5262774088E00104A4C /* LaunchScreen.storyboard */; };
		2898C53627740DE800104A4C /* HomeView.swift in Sources */ = {isa = PBXBuildFile; fileRef = 2898C53527740DE800104A4C /* HomeView.swift */; };
		2898C539277410B200104A4C /* SetUpView.swift in Sources */ = {isa = PBXBuildFile; fileRef = 2898C538277410B200104A4C /* SetUpView.swift */; };
		7D8906ED1332A72C0206BBC2 /* Pods_UMustApp.framework in Frameworks */ = {isa = PBXBuildFile; fileRef = 0B6D7CADB4E42C4AAEF37715 /* Pods_UMustApp.framework */; };
/* End PBXBuildFile section */

/* Begin PBXFileReference section */
		0B6D7CADB4E42C4AAEF37715 /* Pods_UMustApp.framework */ = {isa = PBXFileReference; explicitFileType = wrapper.framework; includeInIndex = 0; path = Pods_UMustApp.framework; sourceTree = BUILT_PRODUCTS_DIR; };
		284AACF027746A450062F283 /* ProfileView.swift */ = {isa = PBXFileReference; lastKnownFileType = sourcecode.swift; path = ProfileView.swift; sourceTree = "<group>"; };
		284AACF227746C380062F283 /* FeaturesStack.swift */ = {isa = PBXFileReference; lastKnownFileType = sourcecode.swift; path = FeaturesStack.swift; sourceTree = "<group>"; };
		284AACF427746F990062F283 /* Features.swift */ = {isa = PBXFileReference; lastKnownFileType = sourcecode.swift; path = Features.swift; sourceTree = "<group>"; };
		284AACF8277472CF0062F283 /* HomeViewModel.swift */ = {isa = PBXFileReference; lastKnownFileType = sourcecode.swift; path = HomeViewModel.swift; sourceTree = "<group>"; };
		284AACFA2774730B0062F283 /* MostPopularView.swift */ = {isa = PBXFileReference; lastKnownFileType = sourcecode.swift; path = MostPopularView.swift; sourceTree = "<group>"; };
		284AACFC2774739A0062F283 /* MostPopularViewController.swift */ = {isa = PBXFileReference; lastKnownFileType = sourcecode.swift; path = MostPopularViewController.swift; sourceTree = "<group>"; };
		285837ED277917CA004074AC /* DataBase.xcdatamodel */ = {isa = PBXFileReference; lastKnownFileType = wrapper.xcdatamodel; path = DataBase.xcdatamodel; sourceTree = "<group>"; };
		2858383627793814004074AC /* FavoritesView.swift */ = {isa = PBXFileReference; lastKnownFileType = sourcecode.swift; path = FavoritesView.swift; sourceTree = "<group>"; };
		2858383827793838004074AC /* FavoritesViewController.swift */ = {isa = PBXFileReference; lastKnownFileType = sourcecode.swift; path = FavoritesViewController.swift; sourceTree = "<group>"; };
		2858383A2779384C004074AC /* FavoritesViewModel.swift */ = {isa = PBXFileReference; lastKnownFileType = sourcecode.swift; path = FavoritesViewModel.swift; sourceTree = "<group>"; };
		2858383E27793EBF004074AC /* MovieRequest.swift */ = {isa = PBXFileReference; lastKnownFileType = sourcecode.swift; path = MovieRequest.swift; sourceTree = "<group>"; };
		2858384027795DA5004074AC /* FavoriteResult.swift */ = {isa = PBXFileReference; lastKnownFileType = sourcecode.swift; path = FavoriteResult.swift; sourceTree = "<group>"; };
		2858384227795DE7004074AC /* MovieDataModel.swift */ = {isa = PBXFileReference; lastKnownFileType = sourcecode.swift; path = MovieDataModel.swift; sourceTree = "<group>"; };
		2858384427795E60004074AC /* FavoriteProtocol.swift */ = {isa = PBXFileReference; lastKnownFileType = sourcecode.swift; path = FavoriteProtocol.swift; sourceTree = "<group>"; };
		2858384927799602004074AC /* FilterViewController.swift */ = {isa = PBXFileReference; lastKnownFileType = sourcecode.swift; path = FilterViewController.swift; sourceTree = "<group>"; };
		286FB7EC2776DCD800B15389 /* MostPopularViewModel.swift */ = {isa = PBXFileReference; lastKnownFileType = sourcecode.swift; path = MostPopularViewModel.swift; sourceTree = "<group>"; };
		286FB7EE2777A2D600B15389 /* MostPopularCustomCell.swift */ = {isa = PBXFileReference; lastKnownFileType = sourcecode.swift; path = MostPopularCustomCell.swift; sourceTree = "<group>"; };
		286FB7F12777C72E00B15389 /* MostPopularRequest.swift */ = {isa = PBXFileReference; lastKnownFileType = sourcecode.swift; path = MostPopularRequest.swift; sourceTree = "<group>"; };
		286FB7F42777E72800B15389 /* MostPopularResponseModel.swift */ = {isa = PBXFileReference; lastKnownFileType = sourcecode.swift; path = MostPopularResponseModel.swift; sourceTree = "<group>"; };
		286FB7F9277832C400B15389 /* MovieDetailView.swift */ = {isa = PBXFileReference; lastKnownFileType = sourcecode.swift; path = MovieDetailView.swift; sourceTree = "<group>"; };
		286FB7FB277832DC00B15389 /* MovieDetailViewController.swift */ = {isa = PBXFileReference; lastKnownFileType = sourcecode.swift; path = MovieDetailViewController.swift; sourceTree = "<group>"; };
		286FB7FD27783CC900B15389 /* MovieDetailViewModel.swift */ = {isa = PBXFileReference; lastKnownFileType = sourcecode.swift; path = MovieDetailViewModel.swift; sourceTree = "<group>"; };
		286FB7FF27783F9200B15389 /* GenreRequest.swift */ = {isa = PBXFileReference; lastKnownFileType = sourcecode.swift; path = GenreRequest.swift; sourceTree = "<group>"; };
		286FB8012778450A00B15389 /* MostPopularViewModelProtocol.swift */ = {isa = PBXFileReference; lastKnownFileType = sourcecode.swift; path = MostPopularViewModelProtocol.swift; sourceTree = "<group>"; };
		286FB8032778453600B15389 /* MovieDetailViewModelProtocol.swift */ = {isa = PBXFileReference; lastKnownFileType = sourcecode.swift; path = MovieDetailViewModelProtocol.swift; sourceTree = "<group>"; };
		286FB80527784C4C00B15389 /* GenreResponseModel.swift */ = {isa = PBXFileReference; lastKnownFileType = sourcecode.swift; path = GenreResponseModel.swift; sourceTree = "<group>"; };
		286FB80727784C9700B15389 /* VideosResponseModel.swift */ = {isa = PBXFileReference; lastKnownFileType = sourcecode.swift; path = VideosResponseModel.swift; sourceTree = "<group>"; };
		286FB80927784CD000B15389 /* VideosRequest.swift */ = {isa = PBXFileReference; lastKnownFileType = sourcecode.swift; path = VideosRequest.swift; sourceTree = "<group>"; };
		2898C5182774088C00104A4C /* UMustApp.app */ = {isa = PBXFileReference; explicitFileType = wrapper.application; includeInIndex = 0; path = UMustApp.app; sourceTree = BUILT_PRODUCTS_DIR; };
		2898C51B2774088C00104A4C /* AppDelegate.swift */ = {isa = PBXFileReference; lastKnownFileType = sourcecode.swift; path = AppDelegate.swift; sourceTree = "<group>"; };
		2898C51D2774088C00104A4C /* SceneDelegate.swift */ = {isa = PBXFileReference; lastKnownFileType = sourcecode.swift; path = SceneDelegate.swift; sourceTree = "<group>"; };
		2898C51F2774088C00104A4C /* HomeViewController.swift */ = {isa = PBXFileReference; lastKnownFileType = sourcecode.swift; path = HomeViewController.swift; sourceTree = "<group>"; };
		2898C5222774088C00104A4C /* Base */ = {isa = PBXFileReference; lastKnownFileType = file.storyboard; name = Base; path = Base.lproj/Main.storyboard; sourceTree = "<group>"; };
		2898C5242774088E00104A4C /* Assets.xcassets */ = {isa = PBXFileReference; lastKnownFileType = folder.assetcatalog; path = Assets.xcassets; sourceTree = "<group>"; };
		2898C5272774088E00104A4C /* Base */ = {isa = PBXFileReference; lastKnownFileType = file.storyboard; name = Base; path = Base.lproj/LaunchScreen.storyboard; sourceTree = "<group>"; };
		2898C5292774088E00104A4C /* Info.plist */ = {isa = PBXFileReference; lastKnownFileType = text.plist.xml; path = Info.plist; sourceTree = "<group>"; };
		2898C53527740DE800104A4C /* HomeView.swift */ = {isa = PBXFileReference; lastKnownFileType = sourcecode.swift; path = HomeView.swift; sourceTree = "<group>"; };
		2898C538277410B200104A4C /* SetUpView.swift */ = {isa = PBXFileReference; lastKnownFileType = sourcecode.swift; path = SetUpView.swift; sourceTree = "<group>"; };
		65F7048201C5CDD0F0C2C716 /* Pods-UMustApp.release.xcconfig */ = {isa = PBXFileReference; includeInIndex = 1; lastKnownFileType = text.xcconfig; name = "Pods-UMustApp.release.xcconfig"; path = "Target Support Files/Pods-UMustApp/Pods-UMustApp.release.xcconfig"; sourceTree = "<group>"; };
		A2B222C589A08B4797ED38A6 /* Pods-UMustApp.debug.xcconfig */ = {isa = PBXFileReference; includeInIndex = 1; lastKnownFileType = text.xcconfig; name = "Pods-UMustApp.debug.xcconfig"; path = "Target Support Files/Pods-UMustApp/Pods-UMustApp.debug.xcconfig"; sourceTree = "<group>"; };
/* End PBXFileReference section */

/* Begin PBXFrameworksBuildPhase section */
		2898C5152774088C00104A4C /* Frameworks */ = {
			isa = PBXFrameworksBuildPhase;
			buildActionMask = 2147483647;
			files = (
				7D8906ED1332A72C0206BBC2 /* Pods_UMustApp.framework in Frameworks */,
			);
			runOnlyForDeploymentPostprocessing = 0;
		};
/* End PBXFrameworksBuildPhase section */

/* Begin PBXGroup section */
		284AACEF27746A270062F283 /* Subviews */ = {
			isa = PBXGroup;
			children = (
				284AACF027746A450062F283 /* ProfileView.swift */,
				284AACF227746C380062F283 /* FeaturesStack.swift */,
				284AACF427746F990062F283 /* Features.swift */,
			);
			path = Subviews;
			sourceTree = "<group>";
		};
		284AACF7277472430062F283 /* MostPopular */ = {
			isa = PBXGroup;
			children = (
				284AACFA2774730B0062F283 /* MostPopularView.swift */,
				284AACFC2774739A0062F283 /* MostPopularViewController.swift */,
				286FB7EC2776DCD800B15389 /* MostPopularViewModel.swift */,
				286FB7EE2777A2D600B15389 /* MostPopularCustomCell.swift */,
			);
			path = MostPopular;
			sourceTree = "<group>";
		};
		28583835277937F9004074AC /* Favorites */ = {
			isa = PBXGroup;
			children = (
				2858383627793814004074AC /* FavoritesView.swift */,
				2858383827793838004074AC /* FavoritesViewController.swift */,
				2858383A2779384C004074AC /* FavoritesViewModel.swift */,
			);
			path = Favorites;
			sourceTree = "<group>";
		};
		28583848277995DF004074AC /* Filter */ = {
			isa = PBXGroup;
			children = (
				2858384927799602004074AC /* FilterViewController.swift */,
			);
			path = Filter;
			sourceTree = "<group>";
		};
		286FB7F02777C70C00B15389 /* Request */ = {
			isa = PBXGroup;
			children = (
				286FB7F12777C72E00B15389 /* MostPopularRequest.swift */,
				286FB7FF27783F9200B15389 /* GenreRequest.swift */,
				286FB80927784CD000B15389 /* VideosRequest.swift */,
				2858383E27793EBF004074AC /* MovieRequest.swift */,
			);
			path = Request;
			sourceTree = "<group>";
		};
		286FB7F32777E70C00B15389 /* Model */ = {
			isa = PBXGroup;
			children = (
				286FB7F42777E72800B15389 /* MostPopularResponseModel.swift */,
				286FB80527784C4C00B15389 /* GenreResponseModel.swift */,
				286FB80727784C9700B15389 /* VideosResponseModel.swift */,
				2858384027795DA5004074AC /* FavoriteResult.swift */,
				2858384227795DE7004074AC /* MovieDataModel.swift */,
			);
			path = Model;
			sourceTree = "<group>";
		};
		286FB7F82778327000B15389 /* MovieDetail */ = {
			isa = PBXGroup;
			children = (
				286FB7F9277832C400B15389 /* MovieDetailView.swift */,
				286FB7FB277832DC00B15389 /* MovieDetailViewController.swift */,
				286FB7FD27783CC900B15389 /* MovieDetailViewModel.swift */,
			);
			path = MovieDetail;
			sourceTree = "<group>";
		};
		2898C50F2774088C00104A4C = {
			isa = PBXGroup;
			children = (
				2898C51A2774088C00104A4C /* UMustApp */,
				2898C5192774088C00104A4C /* Products */,
				499A32F051F9DBAE0D7FA9F8 /* Pods */,
				9CEFC7E319B32EA6961677EE /* Frameworks */,
			);
			sourceTree = "<group>";
		};
		2898C5192774088C00104A4C /* Products */ = {
			isa = PBXGroup;
			children = (
				2898C5182774088C00104A4C /* UMustApp.app */,
			);
			name = Products;
			sourceTree = "<group>";
		};
		2898C51A2774088C00104A4C /* UMustApp */ = {
			isa = PBXGroup;
			children = (
				286FB7F32777E70C00B15389 /* Model */,
				286FB7F02777C70C00B15389 /* Request */,
				2898C5372774107C00104A4C /* protocols */,
				2898C52F27740A3C00104A4C /* Scene */,
				2898C51B2774088C00104A4C /* AppDelegate.swift */,
				2898C51D2774088C00104A4C /* SceneDelegate.swift */,
				2898C5212774088C00104A4C /* Main.storyboard */,
				2898C5242774088E00104A4C /* Assets.xcassets */,
				2898C5262774088E00104A4C /* LaunchScreen.storyboard */,
				2898C5292774088E00104A4C /* Info.plist */,
				285837EC277917CA004074AC /* DataBase.xcdatamodeld */,
			);
			path = UMustApp;
			sourceTree = "<group>";
		};
		2898C52F27740A3C00104A4C /* Scene */ = {
			isa = PBXGroup;
			children = (
				28583848277995DF004074AC /* Filter */,
				28583835277937F9004074AC /* Favorites */,
				286FB7F82778327000B15389 /* MovieDetail */,
				284AACF7277472430062F283 /* MostPopular */,
				2898C53027740AD500104A4C /* Home */,
			);
			path = Scene;
			sourceTree = "<group>";
		};
		2898C53027740AD500104A4C /* Home */ = {
			isa = PBXGroup;
			children = (
				2898C53527740DE800104A4C /* HomeView.swift */,
				2898C51F2774088C00104A4C /* HomeViewController.swift */,
				284AACF8277472CF0062F283 /* HomeViewModel.swift */,
				284AACEF27746A270062F283 /* Subviews */,
			);
			path = Home;
			sourceTree = "<group>";
		};
		2898C5372774107C00104A4C /* protocols */ = {
			isa = PBXGroup;
			children = (
				2898C538277410B200104A4C /* SetUpView.swift */,
				286FB8012778450A00B15389 /* MostPopularViewModelProtocol.swift */,
				286FB8032778453600B15389 /* MovieDetailViewModelProtocol.swift */,
				2858384427795E60004074AC /* FavoriteProtocol.swift */,
			);
			path = protocols;
			sourceTree = "<group>";
		};
		499A32F051F9DBAE0D7FA9F8 /* Pods */ = {
			isa = PBXGroup;
			children = (
				A2B222C589A08B4797ED38A6 /* Pods-UMustApp.debug.xcconfig */,
				65F7048201C5CDD0F0C2C716 /* Pods-UMustApp.release.xcconfig */,
			);
			path = Pods;
			sourceTree = "<group>";
		};
		9CEFC7E319B32EA6961677EE /* Frameworks */ = {
			isa = PBXGroup;
			children = (
				0B6D7CADB4E42C4AAEF37715 /* Pods_UMustApp.framework */,
			);
			name = Frameworks;
			sourceTree = "<group>";
		};
/* End PBXGroup section */

/* Begin PBXNativeTarget section */
		2898C5172774088C00104A4C /* UMustApp */ = {
			isa = PBXNativeTarget;
			buildConfigurationList = 2898C52C2774088E00104A4C /* Build configuration list for PBXNativeTarget "UMustApp" */;
			buildPhases = (
				B8FBC6958FD7E59301DAA4AE /* [CP] Check Pods Manifest.lock */,
				2898C5142774088C00104A4C /* Sources */,
				2898C5152774088C00104A4C /* Frameworks */,
				2898C5162774088C00104A4C /* Resources */,
				28CAACC006EB767AE92CBE6A /* [CP] Embed Pods Frameworks */,
			);
			buildRules = (
			);
			dependencies = (
			);
			name = UMustApp;
			productName = UMustApp;
			productReference = 2898C5182774088C00104A4C /* UMustApp.app */;
			productType = "com.apple.product-type.application";
		};
/* End PBXNativeTarget section */

/* Begin PBXProject section */
		2898C5102774088C00104A4C /* Project object */ = {
			isa = PBXProject;
			attributes = {
				BuildIndependentTargetsInParallel = 1;
				LastSwiftUpdateCheck = 1320;
				LastUpgradeCheck = 1320;
				TargetAttributes = {
					2898C5172774088C00104A4C = {
						CreatedOnToolsVersion = 13.2.1;
					};
				};
			};
			buildConfigurationList = 2898C5132774088C00104A4C /* Build configuration list for PBXProject "UMustApp" */;
			compatibilityVersion = "Xcode 13.0";
			developmentRegion = en;
			hasScannedForEncodings = 0;
			knownRegions = (
				en,
				Base,
			);
			mainGroup = 2898C50F2774088C00104A4C;
			productRefGroup = 2898C5192774088C00104A4C /* Products */;
			projectDirPath = "";
			projectRoot = "";
			targets = (
				2898C5172774088C00104A4C /* UMustApp */,
			);
		};
/* End PBXProject section */

/* Begin PBXResourcesBuildPhase section */
		2898C5162774088C00104A4C /* Resources */ = {
			isa = PBXResourcesBuildPhase;
			buildActionMask = 2147483647;
			files = (
				2898C5282774088E00104A4C /* LaunchScreen.storyboard in Resources */,
				2898C5252774088E00104A4C /* Assets.xcassets in Resources */,
				2898C5232774088C00104A4C /* Main.storyboard in Resources */,
			);
			runOnlyForDeploymentPostprocessing = 0;
		};
/* End PBXResourcesBuildPhase section */

/* Begin PBXShellScriptBuildPhase section */
		28CAACC006EB767AE92CBE6A /* [CP] Embed Pods Frameworks */ = {
			isa = PBXShellScriptBuildPhase;
			buildActionMask = 2147483647;
			files = (
			);
			inputFileListPaths = (
				"${PODS_ROOT}/Target Support Files/Pods-UMustApp/Pods-UMustApp-frameworks-${CONFIGURATION}-input-files.xcfilelist",
			);
			name = "[CP] Embed Pods Frameworks";
			outputFileListPaths = (
				"${PODS_ROOT}/Target Support Files/Pods-UMustApp/Pods-UMustApp-frameworks-${CONFIGURATION}-output-files.xcfilelist",
			);
			runOnlyForDeploymentPostprocessing = 0;
			shellPath = /bin/sh;
			shellScript = "\"${PODS_ROOT}/Target Support Files/Pods-UMustApp/Pods-UMustApp-frameworks.sh\"\n";
			showEnvVarsInLog = 0;
		};
		B8FBC6958FD7E59301DAA4AE /* [CP] Check Pods Manifest.lock */ = {
			isa = PBXShellScriptBuildPhase;
			buildActionMask = 2147483647;
			files = (
			);
			inputFileListPaths = (
			);
			inputPaths = (
				"${PODS_PODFILE_DIR_PATH}/Podfile.lock",
				"${PODS_ROOT}/Manifest.lock",
			);
			name = "[CP] Check Pods Manifest.lock";
			outputFileListPaths = (
			);
			outputPaths = (
				"$(DERIVED_FILE_DIR)/Pods-UMustApp-checkManifestLockResult.txt",
			);
			runOnlyForDeploymentPostprocessing = 0;
			shellPath = /bin/sh;
			shellScript = "diff \"${PODS_PODFILE_DIR_PATH}/Podfile.lock\" \"${PODS_ROOT}/Manifest.lock\" > /dev/null\nif [ $? != 0 ] ; then\n    # print error to STDERR\n    echo \"error: The sandbox is not in sync with the Podfile.lock. Run 'pod install' or update your CocoaPods installation.\" >&2\n    exit 1\nfi\n# This output is used by Xcode 'outputs' to avoid re-running this script phase.\necho \"SUCCESS\" > \"${SCRIPT_OUTPUT_FILE_0}\"\n";
			showEnvVarsInLog = 0;
		};
/* End PBXShellScriptBuildPhase section */

/* Begin PBXSourcesBuildPhase section */
		2898C5142774088C00104A4C /* Sources */ = {
			isa = PBXSourcesBuildPhase;
			buildActionMask = 2147483647;
			files = (
				284AACF527746F990062F283 /* Features.swift in Sources */,
				2858383927793838004074AC /* FavoritesViewController.swift in Sources */,
				286FB8022778450A00B15389 /* MostPopularViewModelProtocol.swift in Sources */,
				2858384527795E60004074AC /* FavoriteProtocol.swift in Sources */,
				2858383727793814004074AC /* FavoritesView.swift in Sources */,
				2898C539277410B200104A4C /* SetUpView.swift in Sources */,
				2898C5202774088C00104A4C /* HomeViewController.swift in Sources */,
				286FB7F22777C72E00B15389 /* MostPopularRequest.swift in Sources */,
				284AACF9277472CF0062F283 /* HomeViewModel.swift in Sources */,
				286FB80027783F9200B15389 /* GenreRequest.swift in Sources */,
				284AACF327746C380062F283 /* FeaturesStack.swift in Sources */,
				286FB7FC277832DC00B15389 /* MovieDetailViewController.swift in Sources */,
				286FB80A27784CD000B15389 /* VideosRequest.swift in Sources */,
				284AACFB2774730B0062F283 /* MostPopularView.swift in Sources */,
				2858384327795DE7004074AC /* MovieDataModel.swift in Sources */,
				286FB80627784C4C00B15389 /* GenreResponseModel.swift in Sources */,
				285837EE277917CA004074AC /* DataBase.xcdatamodeld in Sources */,
				286FB8042778453600B15389 /* MovieDetailViewModelProtocol.swift in Sources */,
				286FB7FE27783CC900B15389 /* MovieDetailViewModel.swift in Sources */,
				286FB7F52777E72800B15389 /* MostPopularResponseModel.swift in Sources */,
				2858384127795DA5004074AC /* FavoriteResult.swift in Sources */,
				286FB7EF2777A2D600B15389 /* MostPopularCustomCell.swift in Sources */,
				286FB80827784C9700B15389 /* VideosResponseModel.swift in Sources */,
				2858383F27793EBF004074AC /* MovieRequest.swift in Sources */,
				2898C53627740DE800104A4C /* HomeView.swift in Sources */,
				2898C51C2774088C00104A4C /* AppDelegate.swift in Sources */,
				2858383B2779384C004074AC /* FavoritesViewModel.swift in Sources */,
				2858384A27799602004074AC /* FilterViewController.swift in Sources */,
				284AACF127746A450062F283 /* ProfileView.swift in Sources */,
				2898C51E2774088C00104A4C /* SceneDelegate.swift in Sources */,
				284AACFD2774739A0062F283 /* MostPopularViewController.swift in Sources */,
				286FB7FA277832C400B15389 /* MovieDetailView.swift in Sources */,
				286FB7ED2776DCD800B15389 /* MostPopularViewModel.swift in Sources */,
			);
			runOnlyForDeploymentPostprocessing = 0;
		};
/* End PBXSourcesBuildPhase section */

/* Begin PBXVariantGroup section */
		2898C5212774088C00104A4C /* Main.storyboard */ = {
			isa = PBXVariantGroup;
			children = (
				2898C5222774088C00104A4C /* Base */,
			);
			name = Main.storyboard;
			sourceTree = "<group>";
		};
		2898C5262774088E00104A4C /* LaunchScreen.storyboard */ = {
			isa = PBXVariantGroup;
			children = (
				2898C5272774088E00104A4C /* Base */,
			);
			name = LaunchScreen.storyboard;
			sourceTree = "<group>";
		};
/* End PBXVariantGroup section */

/* Begin XCBuildConfiguration section */
		2898C52A2774088E00104A4C /* Debug */ = {
			isa = XCBuildConfiguration;
			buildSettings = {
				ALWAYS_SEARCH_USER_PATHS = NO;
				CLANG_ANALYZER_NONNULL = YES;
				CLANG_ANALYZER_NUMBER_OBJECT_CONVERSION = YES_AGGRESSIVE;
				CLANG_CXX_LANGUAGE_STANDARD = "gnu++17";
				CLANG_CXX_LIBRARY = "libc++";
				CLANG_ENABLE_MODULES = YES;
				CLANG_ENABLE_OBJC_ARC = YES;
				CLANG_ENABLE_OBJC_WEAK = YES;
				CLANG_WARN_BLOCK_CAPTURE_AUTORELEASING = YES;
				CLANG_WARN_BOOL_CONVERSION = YES;
				CLANG_WARN_COMMA = YES;
				CLANG_WARN_CONSTANT_CONVERSION = YES;
				CLANG_WARN_DEPRECATED_OBJC_IMPLEMENTATIONS = YES;
				CLANG_WARN_DIRECT_OBJC_ISA_USAGE = YES_ERROR;
				CLANG_WARN_DOCUMENTATION_COMMENTS = YES;
				CLANG_WARN_EMPTY_BODY = YES;
				CLANG_WARN_ENUM_CONVERSION = YES;
				CLANG_WARN_INFINITE_RECURSION = YES;
				CLANG_WARN_INT_CONVERSION = YES;
				CLANG_WARN_NON_LITERAL_NULL_CONVERSION = YES;
				CLANG_WARN_OBJC_IMPLICIT_RETAIN_SELF = YES;
				CLANG_WARN_OBJC_LITERAL_CONVERSION = YES;
				CLANG_WARN_OBJC_ROOT_CLASS = YES_ERROR;
				CLANG_WARN_QUOTED_INCLUDE_IN_FRAMEWORK_HEADER = YES;
				CLANG_WARN_RANGE_LOOP_ANALYSIS = YES;
				CLANG_WARN_STRICT_PROTOTYPES = YES;
				CLANG_WARN_SUSPICIOUS_MOVE = YES;
				CLANG_WARN_UNGUARDED_AVAILABILITY = YES_AGGRESSIVE;
				CLANG_WARN_UNREACHABLE_CODE = YES;
				CLANG_WARN__DUPLICATE_METHOD_MATCH = YES;
				COPY_PHASE_STRIP = NO;
				DEBUG_INFORMATION_FORMAT = dwarf;
				ENABLE_STRICT_OBJC_MSGSEND = YES;
				ENABLE_TESTABILITY = YES;
				GCC_C_LANGUAGE_STANDARD = gnu11;
				GCC_DYNAMIC_NO_PIC = NO;
				GCC_NO_COMMON_BLOCKS = YES;
				GCC_OPTIMIZATION_LEVEL = 0;
				GCC_PREPROCESSOR_DEFINITIONS = (
					"DEBUG=1",
					"$(inherited)",
				);
				GCC_WARN_64_TO_32_BIT_CONVERSION = YES;
				GCC_WARN_ABOUT_RETURN_TYPE = YES_ERROR;
				GCC_WARN_UNDECLARED_SELECTOR = YES;
				GCC_WARN_UNINITIALIZED_AUTOS = YES_AGGRESSIVE;
				GCC_WARN_UNUSED_FUNCTION = YES;
				GCC_WARN_UNUSED_VARIABLE = YES;
				IPHONEOS_DEPLOYMENT_TARGET = 15.2;
				MTL_ENABLE_DEBUG_INFO = INCLUDE_SOURCE;
				MTL_FAST_MATH = YES;
				ONLY_ACTIVE_ARCH = YES;
				SDKROOT = iphoneos;
				SWIFT_ACTIVE_COMPILATION_CONDITIONS = DEBUG;
				SWIFT_OPTIMIZATION_LEVEL = "-Onone";
			};
			name = Debug;
		};
		2898C52B2774088E00104A4C /* Release */ = {
			isa = XCBuildConfiguration;
			buildSettings = {
				ALWAYS_SEARCH_USER_PATHS = NO;
				CLANG_ANALYZER_NONNULL = YES;
				CLANG_ANALYZER_NUMBER_OBJECT_CONVERSION = YES_AGGRESSIVE;
				CLANG_CXX_LANGUAGE_STANDARD = "gnu++17";
				CLANG_CXX_LIBRARY = "libc++";
				CLANG_ENABLE_MODULES = YES;
				CLANG_ENABLE_OBJC_ARC = YES;
				CLANG_ENABLE_OBJC_WEAK = YES;
				CLANG_WARN_BLOCK_CAPTURE_AUTORELEASING = YES;
				CLANG_WARN_BOOL_CONVERSION = YES;
				CLANG_WARN_COMMA = YES;
				CLANG_WARN_CONSTANT_CONVERSION = YES;
				CLANG_WARN_DEPRECATED_OBJC_IMPLEMENTATIONS = YES;
				CLANG_WARN_DIRECT_OBJC_ISA_USAGE = YES_ERROR;
				CLANG_WARN_DOCUMENTATION_COMMENTS = YES;
				CLANG_WARN_EMPTY_BODY = YES;
				CLANG_WARN_ENUM_CONVERSION = YES;
				CLANG_WARN_INFINITE_RECURSION = YES;
				CLANG_WARN_INT_CONVERSION = YES;
				CLANG_WARN_NON_LITERAL_NULL_CONVERSION = YES;
				CLANG_WARN_OBJC_IMPLICIT_RETAIN_SELF = YES;
				CLANG_WARN_OBJC_LITERAL_CONVERSION = YES;
				CLANG_WARN_OBJC_ROOT_CLASS = YES_ERROR;
				CLANG_WARN_QUOTED_INCLUDE_IN_FRAMEWORK_HEADER = YES;
				CLANG_WARN_RANGE_LOOP_ANALYSIS = YES;
				CLANG_WARN_STRICT_PROTOTYPES = YES;
				CLANG_WARN_SUSPICIOUS_MOVE = YES;
				CLANG_WARN_UNGUARDED_AVAILABILITY = YES_AGGRESSIVE;
				CLANG_WARN_UNREACHABLE_CODE = YES;
				CLANG_WARN__DUPLICATE_METHOD_MATCH = YES;
				COPY_PHASE_STRIP = NO;
				DEBUG_INFORMATION_FORMAT = "dwarf-with-dsym";
				ENABLE_NS_ASSERTIONS = NO;
				ENABLE_STRICT_OBJC_MSGSEND = YES;
				GCC_C_LANGUAGE_STANDARD = gnu11;
				GCC_NO_COMMON_BLOCKS = YES;
				GCC_WARN_64_TO_32_BIT_CONVERSION = YES;
				GCC_WARN_ABOUT_RETURN_TYPE = YES_ERROR;
				GCC_WARN_UNDECLARED_SELECTOR = YES;
				GCC_WARN_UNINITIALIZED_AUTOS = YES_AGGRESSIVE;
				GCC_WARN_UNUSED_FUNCTION = YES;
				GCC_WARN_UNUSED_VARIABLE = YES;
				IPHONEOS_DEPLOYMENT_TARGET = 15.2;
				MTL_ENABLE_DEBUG_INFO = NO;
				MTL_FAST_MATH = YES;
				SDKROOT = iphoneos;
				SWIFT_COMPILATION_MODE = wholemodule;
				SWIFT_OPTIMIZATION_LEVEL = "-O";
				VALIDATE_PRODUCT = YES;
			};
			name = Release;
		};
		2898C52D2774088E00104A4C /* Debug */ = {
			isa = XCBuildConfiguration;
			baseConfigurationReference = A2B222C589A08B4797ED38A6 /* Pods-UMustApp.debug.xcconfig */;
			buildSettings = {
				ASSETCATALOG_COMPILER_APPICON_NAME = AppIcon;
				ASSETCATALOG_COMPILER_GLOBAL_ACCENT_COLOR_NAME = AccentColor;
				CODE_SIGN_STYLE = Automatic;
				CURRENT_PROJECT_VERSION = 1;
				DEVELOPMENT_TEAM = UM7BRLPWKH;
				GENERATE_INFOPLIST_FILE = YES;
				INFOPLIST_FILE = UMustApp/Info.plist;
				INFOPLIST_KEY_UIApplicationSupportsIndirectInputEvents = YES;
				INFOPLIST_KEY_UILaunchStoryboardName = LaunchScreen;
				INFOPLIST_KEY_UIMainStoryboardFile = Main;
				INFOPLIST_KEY_UISupportedInterfaceOrientations_iPad = "UIInterfaceOrientationPortrait UIInterfaceOrientationPortraitUpsideDown UIInterfaceOrientationLandscapeLeft UIInterfaceOrientationLandscapeRight";
				INFOPLIST_KEY_UISupportedInterfaceOrientations_iPhone = "UIInterfaceOrientationPortrait UIInterfaceOrientationLandscapeLeft UIInterfaceOrientationLandscapeRight";
				LD_RUNPATH_SEARCH_PATHS = (
					"$(inherited)",
					"@executable_path/Frameworks",
				);
				MARKETING_VERSION = 1.0;
				PRODUCT_BUNDLE_IDENTIFIER = Academy.UMustApp;
				PRODUCT_NAME = "$(TARGET_NAME)";
				SWIFT_EMIT_LOC_STRINGS = YES;
				SWIFT_VERSION = 5.0;
				TARGETED_DEVICE_FAMILY = "1,2";
			};
			name = Debug;
		};
		2898C52E2774088E00104A4C /* Release */ = {
			isa = XCBuildConfiguration;
			baseConfigurationReference = 65F7048201C5CDD0F0C2C716 /* Pods-UMustApp.release.xcconfig */;
			buildSettings = {
				ASSETCATALOG_COMPILER_APPICON_NAME = AppIcon;
				ASSETCATALOG_COMPILER_GLOBAL_ACCENT_COLOR_NAME = AccentColor;
				CODE_SIGN_STYLE = Automatic;
				CURRENT_PROJECT_VERSION = 1;
				DEVELOPMENT_TEAM = UM7BRLPWKH;
				GENERATE_INFOPLIST_FILE = YES;
				INFOPLIST_FILE = UMustApp/Info.plist;
				INFOPLIST_KEY_UIApplicationSupportsIndirectInputEvents = YES;
				INFOPLIST_KEY_UILaunchStoryboardName = LaunchScreen;
				INFOPLIST_KEY_UIMainStoryboardFile = Main;
				INFOPLIST_KEY_UISupportedInterfaceOrientations_iPad = "UIInterfaceOrientationPortrait UIInterfaceOrientationPortraitUpsideDown UIInterfaceOrientationLandscapeLeft UIInterfaceOrientationLandscapeRight";
				INFOPLIST_KEY_UISupportedInterfaceOrientations_iPhone = "UIInterfaceOrientationPortrait UIInterfaceOrientationLandscapeLeft UIInterfaceOrientationLandscapeRight";
				LD_RUNPATH_SEARCH_PATHS = (
					"$(inherited)",
					"@executable_path/Frameworks",
				);
				MARKETING_VERSION = 1.0;
				PRODUCT_BUNDLE_IDENTIFIER = Academy.UMustApp;
				PRODUCT_NAME = "$(TARGET_NAME)";
				SWIFT_EMIT_LOC_STRINGS = YES;
				SWIFT_VERSION = 5.0;
				TARGETED_DEVICE_FAMILY = "1,2";
			};
			name = Release;
		};
/* End XCBuildConfiguration section */

/* Begin XCConfigurationList section */
		2898C5132774088C00104A4C /* Build configuration list for PBXProject "UMustApp" */ = {
			isa = XCConfigurationList;
			buildConfigurations = (
				2898C52A2774088E00104A4C /* Debug */,
				2898C52B2774088E00104A4C /* Release */,
			);
			defaultConfigurationIsVisible = 0;
			defaultConfigurationName = Release;
		};
		2898C52C2774088E00104A4C /* Build configuration list for PBXNativeTarget "UMustApp" */ = {
			isa = XCConfigurationList;
			buildConfigurations = (
				2898C52D2774088E00104A4C /* Debug */,
				2898C52E2774088E00104A4C /* Release */,
			);
			defaultConfigurationIsVisible = 0;
			defaultConfigurationName = Release;
		};
/* End XCConfigurationList section */

/* Begin XCVersionGroup section */
		285837EC277917CA004074AC /* DataBase.xcdatamodeld */ = {
			isa = XCVersionGroup;
			children = (
				285837ED277917CA004074AC /* DataBase.xcdatamodel */,
			);
			currentVersion = 285837ED277917CA004074AC /* DataBase.xcdatamodel */;
			path = DataBase.xcdatamodeld;
			sourceTree = "<group>";
			versionGroupType = wrapper.xcdatamodel;
		};
/* End XCVersionGroup section */
	};
	rootObject = 2898C5102774088C00104A4C /* Project object */;
}
